Microsoft Visual Studio Solution File, Format Version 12.00
# Visual Studio Version 17
VisualStudioVersion = 17.5.2.0
MinimumVisualStudioVersion = 10.0.40219.1
Project("{FAE04EC0-301F-11D3-BF4B-00C04F79EFBC}") = "ejemploabb", "ejemploabb.csproj", "{2DB1D970-87B4-C6F0-CAF3-D74454C700DA}"
EndProject
Global
	GlobalSection(SolutionConfigurationPlatforms) = preSolution
		Debug|Any CPU = Debug|Any CPU
		Release|Any CPU = Release|Any CPU
	EndGlobalSection
	GlobalSection(ProjectConfigurationPlatforms) = postSolution
		{2DB1D970-87B4-C6F0-CAF3-D74454C700DA}.Debug|Any CPU.ActiveCfg = Debug|Any CPU
		{2DB1D970-87B4-C6F0-CAF3-D74454C700DA}.Debug|Any CPU.Build.0 = Debug|Any CPU
		{2DB1D970-87B4-C6F0-CAF3-D74454C700DA}.Release|Any CPU.ActiveCfg = Release|Any CPU
		{2DB1D970-87B4-C6F0-CAF3-D74454C700DA}.Release|Any CPU.Build.0 = Release|Any CPU
	EndGlobalSection
	GlobalSection(SolutionProperties) = preSolution
		HideSolutionNode = FALSE
	EndGlobalSection
	GlobalSection(ExtensibilityGlobals) = postSolution
		SolutionGuid = {B04EA10A-5117-498C-8A45-232A4AEEED15}
	EndGlobalSection
EndGlobal
